PODS:
  - Alamofire (5.6.2)
  - Realm (10.28.3):
    - Realm/Headers (= 10.28.3)
  - Realm/Headers (10.28.3)
  - RealmSwift (10.28.3):
    - Realm (= 10.28.3)

DEPENDENCIES:
  - Alamofire (~> 5.6.2)
  - RealmSwift

SPEC REPOS:
  trunk:
    - Alamofire
    - Realm
    - RealmSwift

SPEC CHECKSUMS:
  Alamofire: d368e1ff8a298e6dde360e35a3e68e6c610e7204
  Realm: 64e66568d981de2496f81ecab2e1372b27dc7d58
  RealmSwift: 29bcda3a1fa5613b358bd7ec638f5e12afc89c3a

PODFILE CHECKSUM: bc34f87b2f0d08812090cd77d539b56efbfc17a8

COCOAPODS: 1.11.3
